
Microsoft Visual Studio Solution File, Format Version 12.00
# Visual Studio 15
VisualStudioVersion = 15.0.27703.2026
MinimumVisualStudioVersion = 10.0.40219.1
Project("{FAE04EC0-301F-11D3-BF4B-00C04F79EFBC}") = "GitTest", "GitTest\GitTest.csproj", "{FE2813CF-675A-49B1-B1EE-2106D24B53F0}"
EndProject
Global
	GlobalSection(SolutionConfigurationPlatforms) = preSolution
		Debug|Any CPU = Debug|Any CPU
		Release|Any CPU = Release|Any CPU
	EndGlobalSection
	GlobalSection(ProjectConfigurationPlatforms) = postSolution
		{FE2813CF-675A-49B1-B1EE-2106D24B53F0}.Debug|Any CPU.ActiveCfg = Debug|Any CPU
		{FE2813CF-675A-49B1-B1EE-2106D24B53F0}.Debug|Any CPU.Build.0 = Debug|Any CPU
		{FE2813CF-675A-49B1-B1EE-2106D24B53F0}.Release|Any CPU.ActiveCfg = Release|Any CPU
		{FE2813CF-675A-49B1-B1EE-2106D24B53F0}.Release|Any CPU.Build.0 = Release|Any CPU
	EndGlobalSection
	GlobalSection(SolutionProperties) = preSolution
		HideSolutionNode = FALSE
	EndGlobalSection
	GlobalSection(ExtensibilityGlobals) = postSolution
		SolutionGuid = {58B27153-558B-4BFE-90C4-140D52F42176}
	EndGlobalSection
EndGlobal
